
Microsoft Visual Studio Solution File, Format Version 12.00
# Visual Studio Version 17
VisualStudioVersion = 17.13.35931.197 d17.13
MinimumVisualStudioVersion = 10.0.40219.1
Project("{FAE04EC0-301F-11D3-BF4B-00C04F79EFBC}") = "Flipso", "Flipso.csproj", "{C02CA92B-7717-4144-9D63-3B782335C0FF}"
EndProject
Global
	GlobalSection(SolutionConfigurationPlatforms) = preSolution
		Debug|Any CPU = Debug|Any CPU
		Release|Any CPU = Release|Any CPU
	EndGlobalSection
	GlobalSection(ProjectConfigurationPlatforms) = postSolution
		{C02CA92B-7717-4144-9D63-3B782335C0FF}.Debug|Any CPU.ActiveCfg = Debug|Any CPU
		{C02CA92B-7717-4144-9D63-3B782335C0FF}.Debug|Any CPU.Build.0 = Debug|Any CPU
		{C02CA92B-7717-4144-9D63-3B782335C0FF}.Release|Any CPU.ActiveCfg = Release|Any CPU
		{C02CA92B-7717-4144-9D63-3B782335C0FF}.Release|Any CPU.Build.0 = Release|Any CPU
	EndGlobalSection
	GlobalSection(SolutionProperties) = preSolution
		HideSolutionNode = FALSE
	EndGlobalSection
	GlobalSection(ExtensibilityGlobals) = postSolution
		SolutionGuid = {339D2C65-205B-49B8-8C21-E3F9CAA7362F}
	EndGlobalSection
EndGlobal
